
Microsoft Visual Studio Solution File, Format Version 12.00
Project("{FAE04EC0-301F-11D3-BF4B-00C04F79EFBC}") = "Mine.UI", "Mine.UI\Mine.UI.csproj", "{4084BA87-78CB-4360-AE1E-09EB06D5B8FB}"
EndProject
Project("{FAE04EC0-301F-11D3-BF4B-00C04F79EFBC}") = "Mine.Core", "Mine.Core\Mine.Core.csproj", "{E5ABC180-CF76-4A16-B4AB-1689CBCD7BEC}"
EndProject
Project("{FAE04EC0-301F-11D3-BF4B-00C04F79EFBC}") = "Mine.Test", "Mine.Test\Mine.Test.csproj", "{B7A6B39E-7624-406F-AB6C-E47577966F21}"
EndProject
Global
	GlobalSection(SolutionConfigurationPlatforms) = preSolution
		Debug|Any CPU = Debug|Any CPU
		Release|Any CPU = Release|Any CPU
	EndGlobalSection
	GlobalSection(ProjectConfigurationPlatforms) = postSolution
		{4084BA87-78CB-4360-AE1E-09EB06D5B8FB}.Debug|Any CPU.ActiveCfg = Debug|Any CPU
		{4084BA87-78CB-4360-AE1E-09EB06D5B8FB}.Debug|Any CPU.Build.0 = Debug|Any CPU
		{4084BA87-78CB-4360-AE1E-09EB06D5B8FB}.Release|Any CPU.ActiveCfg = Release|Any CPU
		{4084BA87-78CB-4360-AE1E-09EB06D5B8FB}.Release|Any CPU.Build.0 = Release|Any CPU
		{E5ABC180-CF76-4A16-B4AB-1689CBCD7BEC}.Debug|Any CPU.ActiveCfg = Debug|Any CPU
		{E5ABC180-CF76-4A16-B4AB-1689CBCD7BEC}.Debug|Any CPU.Build.0 = Debug|Any CPU
		{E5ABC180-CF76-4A16-B4AB-1689CBCD7BEC}.Release|Any CPU.ActiveCfg = Release|Any CPU
		{E5ABC180-CF76-4A16-B4AB-1689CBCD7BEC}.Release|Any CPU.Build.0 = Release|Any CPU
		{B7A6B39E-7624-406F-AB6C-E47577966F21}.Debug|Any CPU.ActiveCfg = Debug|Any CPU
		{B7A6B39E-7624-406F-AB6C-E47577966F21}.Debug|Any CPU.Build.0 = Debug|Any CPU
		{B7A6B39E-7624-406F-AB6C-E47577966F21}.Release|Any CPU.ActiveCfg = Release|Any CPU
		{B7A6B39E-7624-406F-AB6C-E47577966F21}.Release|Any CPU.Build.0 = Release|Any CPU
	EndGlobalSection
EndGlobal
